
Microsoft Visual Studio Solution File, Format Version 12.00
# Visual Studio 15
VisualStudioVersion = 15.0.26014.0
MinimumVisualStudioVersion = 10.0.40219.1
Project("{2150E333-8FDC-42A3-9474-1A3956D46DE8}") = "4 - Dominio", "4 - Dominio", "{6F9F9A7F-21AE-4A50-BA06-1A02BE2F1993}"
EndProject
Project("{2150E333-8FDC-42A3-9474-1A3956D46DE8}") = "3 - Aplicacao", "3 - Aplicacao", "{671FFB71-1523-427C-9051-BAF8547E4534}"
EndProject
Project("{2150E333-8FDC-42A3-9474-1A3956D46DE8}") = "5 - Infra", "5 - Infra", "{CE4FD387-6BF4-49E7-820D-2EB1691EB64E}"
EndProject
Project("{2150E333-8FDC-42A3-9474-1A3956D46DE8}") = "1 - Apresentacao", "1 - Apresentacao", "{502E4237-0B9F-4198-9AF7-D2335DF60EF6}"
EndProject
Project("{2150E333-8FDC-42A3-9474-1A3956D46DE8}") = "2 - Servicos", "2 - Servicos", "{B61FE1E5-F283-4E75-83EB-E7B1F0351EF3}"
EndProject
Project("{2150E333-8FDC-42A3-9474-1A3956D46DE8}") = "5.1 - Dados", "5.1 - Dados", "{CA030ECB-76BA-46A2-ABB9-A72CBAA9D801}"
EndProject
Project("{2150E333-8FDC-42A3-9474-1A3956D46DE8}") = "5.2 - CrossCutting", "5.2 - CrossCutting", "{DDA59379-47F7-4E7D-B648-F8DA60C12C2A}"
EndProject
Project("{FAE04EC0-301F-11D3-BF4B-00C04F79EFBC}") = "STA.SuperCompra.Infra.Dados", "src\STA.SuperCompra.Infra.Dados\STA.SuperCompra.Infra.Dados.csproj", "{0C2367C8-4C70-4F75-98ED-13392BB6482C}"
EndProject
Project("{FAE04EC0-301F-11D3-BF4B-00C04F79EFBC}") = "STA.SuperCompra.Infra.CrossCutting.IoC", "src\STA.SuperCompra.Infra.CrossCutting.IoC\STA.SuperCompra.Infra.CrossCutting.IoC.csproj", "{8EDA42EA-DA31-4F00-AF4E-41EEB8EF0C0F}"
EndProject
Project("{FAE04EC0-301F-11D3-BF4B-00C04F79EFBC}") = "STA.SuperCompra.Dominio", "src\STA.SuperCompra.Dominio\STA.SuperCompra.Dominio.csproj", "{65C62E8A-9364-498C-8E67-28AC5BA100E7}"
EndProject
Project("{FAE04EC0-301F-11D3-BF4B-00C04F79EFBC}") = "STA.SuperCompra.Aplicacao", "src\STA.SuperCompra.Aplicacao\STA.SuperCompra.Aplicacao.csproj", "{063DE094-FE2A-43AD-8991-652DD5D63E7B}"
EndProject
Project("{FAE04EC0-301F-11D3-BF4B-00C04F79EFBC}") = "STA.SuperCompra.Infra.CrossCutting.MvcFilters", "src\STA.SuperCompra.Infra.CrossCutting.MvcFilters\STA.SuperCompra.Infra.CrossCutting.MvcFilters.csproj", "{AAA685E5-0AAB-4F4B-8FD1-0A47692331A3}"
EndProject
Project("{FAE04EC0-301F-11D3-BF4B-00C04F79EFBC}") = "STA.SuperCompra.UI.Mvc", "src\STA.SuperCompra.UI.Mvc\STA.SuperCompra.UI.Mvc.csproj", "{2F39B80E-19ED-422F-B3EE-7BA34EACF29B}"
EndProject
Project("{FAE04EC0-301F-11D3-BF4B-00C04F79EFBC}") = "STA.SuperCompra.Servico.REST.API", "src\STA.SuperCompra.Servico.REST.API\STA.SuperCompra.Servico.REST.API.csproj", "{8BDF0544-F00C-4E1A-9364-D22A082A8570}"
EndProject
Project("{2150E333-8FDC-42A3-9474-1A3956D46DE8}") = "6 - Testes", "6 - Testes", "{E5E0D5EC-3F1D-4A62-8C01-8E8A5C37338F}"
EndProject
Project("{2150E333-8FDC-42A3-9474-1A3956D46DE8}") = "6.4 - Dominio", "6.4 - Dominio", "{CEE722A5-9251-4568-8A6A-01C7968A49BD}"
EndProject
Project("{2150E333-8FDC-42A3-9474-1A3956D46DE8}") = "6.5 - Infra", "6.5 - Infra", "{6EFC841E-154B-4945-9263-EF511E3636D4}"
EndProject
Project("{FAE04EC0-301F-11D3-BF4B-00C04F79EFBC}") = "SuperCompra.Dominio.Test", "src\SuperCompra.Dominio.Test\SuperCompra.Dominio.Test.csproj", "{21C585D8-B574-4FDD-A344-BC123C477067}"
EndProject
Global
	GlobalSection(SolutionConfigurationPlatforms) = preSolution
		Debug|Any CPU = Debug|Any CPU
		Release|Any CPU = Release|Any CPU
	EndGlobalSection
	GlobalSection(ProjectConfigurationPlatforms) = postSolution
		{0C2367C8-4C70-4F75-98ED-13392BB6482C}.Debug|Any CPU.ActiveCfg = Debug|Any CPU
		{0C2367C8-4C70-4F75-98ED-13392BB6482C}.Debug|Any CPU.Build.0 = Debug|Any CPU
		{0C2367C8-4C70-4F75-98ED-13392BB6482C}.Release|Any CPU.ActiveCfg = Release|Any CPU
		{0C2367C8-4C70-4F75-98ED-13392BB6482C}.Release|Any CPU.Build.0 = Release|Any CPU
		{8EDA42EA-DA31-4F00-AF4E-41EEB8EF0C0F}.Debug|Any CPU.ActiveCfg = Debug|Any CPU
		{8EDA42EA-DA31-4F00-AF4E-41EEB8EF0C0F}.Debug|Any CPU.Build.0 = Debug|Any CPU
		{8EDA42EA-DA31-4F00-AF4E-41EEB8EF0C0F}.Release|Any CPU.ActiveCfg = Release|Any CPU
		{8EDA42EA-DA31-4F00-AF4E-41EEB8EF0C0F}.Release|Any CPU.Build.0 = Release|Any CPU
		{65C62E8A-9364-498C-8E67-28AC5BA100E7}.Debug|Any CPU.ActiveCfg = Debug|Any CPU
		{65C62E8A-9364-498C-8E67-28AC5BA100E7}.Debug|Any CPU.Build.0 = Debug|Any CPU
		{65C62E8A-9364-498C-8E67-28AC5BA100E7}.Release|Any CPU.ActiveCfg = Release|Any CPU
		{65C62E8A-9364-498C-8E67-28AC5BA100E7}.Release|Any CPU.Build.0 = Release|Any CPU
		{063DE094-FE2A-43AD-8991-652DD5D63E7B}.Debug|Any CPU.ActiveCfg = Debug|Any CPU
		{063DE094-FE2A-43AD-8991-652DD5D63E7B}.Debug|Any CPU.Build.0 = Debug|Any CPU
		{063DE094-FE2A-43AD-8991-652DD5D63E7B}.Release|Any CPU.ActiveCfg = Release|Any CPU
		{063DE094-FE2A-43AD-8991-652DD5D63E7B}.Release|Any CPU.Build.0 = Release|Any CPU
		{AAA685E5-0AAB-4F4B-8FD1-0A47692331A3}.Debug|Any CPU.ActiveCfg = Debug|Any CPU
		{AAA685E5-0AAB-4F4B-8FD1-0A47692331A3}.Debug|Any CPU.Build.0 = Debug|Any CPU
		{AAA685E5-0AAB-4F4B-8FD1-0A47692331A3}.Release|Any CPU.ActiveCfg = Release|Any CPU
		{AAA685E5-0AAB-4F4B-8FD1-0A47692331A3}.Release|Any CPU.Build.0 = Release|Any CPU
		{2F39B80E-19ED-422F-B3EE-7BA34EACF29B}.Debug|Any CPU.ActiveCfg = Debug|Any CPU
		{2F39B80E-19ED-422F-B3EE-7BA34EACF29B}.Debug|Any CPU.Build.0 = Debug|Any CPU
		{2F39B80E-19ED-422F-B3EE-7BA34EACF29B}.Release|Any CPU.ActiveCfg = Release|Any CPU
		{2F39B80E-19ED-422F-B3EE-7BA34EACF29B}.Release|Any CPU.Build.0 = Release|Any CPU
		{8BDF0544-F00C-4E1A-9364-D22A082A8570}.Debug|Any CPU.ActiveCfg = Debug|Any CPU
		{8BDF0544-F00C-4E1A-9364-D22A082A8570}.Debug|Any CPU.Build.0 = Debug|Any CPU
		{8BDF0544-F00C-4E1A-9364-D22A082A8570}.Release|Any CPU.ActiveCfg = Release|Any CPU
		{8BDF0544-F00C-4E1A-9364-D22A082A8570}.Release|Any CPU.Build.0 = Release|Any CPU
		{21C585D8-B574-4FDD-A344-BC123C477067}.Debug|Any CPU.ActiveCfg = Debug|Any CPU
		{21C585D8-B574-4FDD-A344-BC123C477067}.Debug|Any CPU.Build.0 = Debug|Any CPU
		{21C585D8-B574-4FDD-A344-BC123C477067}.Release|Any CPU.ActiveCfg = Release|Any CPU
		{21C585D8-B574-4FDD-A344-BC123C477067}.Release|Any CPU.Build.0 = Release|Any CPU
	EndGlobalSection
	GlobalSection(SolutionProperties) = preSolution
		HideSolutionNode = FALSE
	EndGlobalSection
	GlobalSection(NestedProjects) = preSolution
		{CA030ECB-76BA-46A2-ABB9-A72CBAA9D801} = {CE4FD387-6BF4-49E7-820D-2EB1691EB64E}
		{DDA59379-47F7-4E7D-B648-F8DA60C12C2A} = {CE4FD387-6BF4-49E7-820D-2EB1691EB64E}
		{0C2367C8-4C70-4F75-98ED-13392BB6482C} = {CA030ECB-76BA-46A2-ABB9-A72CBAA9D801}
		{8EDA42EA-DA31-4F00-AF4E-41EEB8EF0C0F} = {DDA59379-47F7-4E7D-B648-F8DA60C12C2A}
		{65C62E8A-9364-498C-8E67-28AC5BA100E7} = {6F9F9A7F-21AE-4A50-BA06-1A02BE2F1993}
		{063DE094-FE2A-43AD-8991-652DD5D63E7B} = {671FFB71-1523-427C-9051-BAF8547E4534}
		{AAA685E5-0AAB-4F4B-8FD1-0A47692331A3} = {DDA59379-47F7-4E7D-B648-F8DA60C12C2A}
		{2F39B80E-19ED-422F-B3EE-7BA34EACF29B} = {502E4237-0B9F-4198-9AF7-D2335DF60EF6}
		{8BDF0544-F00C-4E1A-9364-D22A082A8570} = {B61FE1E5-F283-4E75-83EB-E7B1F0351EF3}
		{CEE722A5-9251-4568-8A6A-01C7968A49BD} = {E5E0D5EC-3F1D-4A62-8C01-8E8A5C37338F}
		{6EFC841E-154B-4945-9263-EF511E3636D4} = {E5E0D5EC-3F1D-4A62-8C01-8E8A5C37338F}
		{21C585D8-B574-4FDD-A344-BC123C477067} = {CEE722A5-9251-4568-8A6A-01C7968A49BD}
	EndGlobalSection
EndGlobal
